github.com/franeklubi/ledgend v0.0.0-20191128123043-ff612b837439 h1:fan3lIREZ+arzqeEig9WLlyIYJS5fAM4Wki2im3XI2Q=
github.com/franeklubi/ledgend v0.0.0-20191128123043-ff612b837439/go.mod h1:zkFFX/VU/ugbslXr03QIiIpmClVX/mO1JF883sma5pA=
github.com/franeklubi/ledserv v0.0.0-20191107200147-d4db22b2b9ae h1:B7g+PPzHVV/jaad2U9umDcTQPtP+JkZEWEXFGn/NG3k=
github.com/franeklubi/ledserv v0.0.0-20191107200147-d4db22b2b9ae/go.mod h1:AjzTVAjEJthF645AO+jatfP9tYqnhnwvnXLAHF5oHrM=
github.com/gorilla/websocket v1.5.1 h1:gmztn0JnHVt9JZquRuzLw3g4wouNVzKL15iLr/zn/QY=
github.com/gorilla/websocket v1.5.1/go.mod h1:x3kM2JMyaluk02fnUJpQuwD2dCS5NDG2ZHL0uE0tcaY=
golang.org/x/net v0.17.0 h1:pVaXccu2ozPjCXewfr1S7xza/zcXTity9cCdXQYSjIM=
golang.org/x/net v0.17.0/go.mod h1:NxSsAGuq816PNPmqtQdLE42eU2Fs7NoRIZrHJAlaCOE=
